github.com/mildc055ee/clear v0.0.0-20201030082638-cba436831444 h1:aaarSxD//q+Wlif3min1NTTbl0NQ89lcYAIaNmXdJF8=
github.com/mildc055ee/clear v0.0.0-20201030082638-cba436831444/go.mod h1:haVDtqdVlDbvevQQ8H5miZmQUjc68AqgR7XAw4GHm98=
github.com/mildc055ee/tale-hugo v1.1.3 h1:Xd+ouiZSN4UnzYe+rbDfYC4FONP5NKwVrlE5K8LLhng=
github.com/mildc055ee/tale-hugo v2.1.0+incompatible h1:zmd2e42kz+G2qSx4nG5BVs7+DeEQdvNUwC5TLwQrBOE=
github.com/mildc055ee/tale-hugo v2.1.0+incompatible/go.mod h1:4b2B3FngeIU6S2dX+r9w13yr1K2EZkKKnx9OUlENn7o=
github.com/ribice/kiss v0.1.0 h1:AX5zNtoMyV5BAZGhU8/QfvVjKanoCd2BdCEMkwDFWyM=
github.com/ribice/kiss v2.0.0+incompatible h1:2pU1lKH4YFQNZhri2/21j2ol2/MTFJNpDXaBpIGldfM=
github.com/ribice/kiss v2.0.0+incompatible/go.mod h1:izJajv6b6JYz4W3QGhqNaI9PUEvEw3HKXimiR+LH/Po=
